
Microsoft Visual Studio Solution File, Format Version 12.00
# Visual Studio Version 16
VisualStudioVersion = 16.0.31105.61
MinimumVisualStudioVersion = 10.0.40219.1
Project("{9A19103F-16F7-4668-BE54-9A1E7A4F7556}") = "Mnvn.WebAppDockerTest", "Mnvn.WebAppDockerTest.csproj", "{CE3ED0C3-9A20-415B-AAA5-E342DD71200F}"
EndProject
Global
	GlobalSection(SolutionConfigurationPlatforms) = preSolution
		Debug|Any CPU = Debug|Any CPU
		Release|Any CPU = Release|Any CPU
	EndGlobalSection
	GlobalSection(ProjectConfigurationPlatforms) = postSolution
		{CE3ED0C3-9A20-415B-AAA5-E342DD71200F}.Debug|Any CPU.ActiveCfg = Debug|Any CPU
		{CE3ED0C3-9A20-415B-AAA5-E342DD71200F}.Debug|Any CPU.Build.0 = Debug|Any CPU
		{CE3ED0C3-9A20-415B-AAA5-E342DD71200F}.Release|Any CPU.ActiveCfg = Release|Any CPU
		{CE3ED0C3-9A20-415B-AAA5-E342DD71200F}.Release|Any CPU.Build.0 = Release|Any CPU
	EndGlobalSection
	GlobalSection(SolutionProperties) = preSolution
		HideSolutionNode = FALSE
	EndGlobalSection
	GlobalSection(ExtensibilityGlobals) = postSolution
		SolutionGuid = {A9513276-7713-41F8-8AAE-AF5903C17578}
	EndGlobalSection
EndGlobal
